
Microsoft Visual Studio Solution File, Format Version 12.00
# Visual Studio 15
VisualStudioVersion = 15.0.28010.2050
MinimumVisualStudioVersion = 10.0.40219.1
Project("{FAE04EC0-301F-11D3-BF4B-00C04F79EFBC}") = "GitCommandsTestWithConsoleApp", "GitCommandsTestWithConsoleApp\GitCommandsTestWithConsoleApp.csproj", "{754AE1F0-2357-43D1-BFE3-0DF7951476B2}"
EndProject
Global
	GlobalSection(SolutionConfigurationPlatforms) = preSolution
		Debug|Any CPU = Debug|Any CPU
		Release|Any CPU = Release|Any CPU
	EndGlobalSection
	GlobalSection(ProjectConfigurationPlatforms) = postSolution
		{754AE1F0-2357-43D1-BFE3-0DF7951476B2}.Debug|Any CPU.ActiveCfg = Debug|Any CPU
		{754AE1F0-2357-43D1-BFE3-0DF7951476B2}.Debug|Any CPU.Build.0 = Debug|Any CPU
		{754AE1F0-2357-43D1-BFE3-0DF7951476B2}.Release|Any CPU.ActiveCfg = Release|Any CPU
		{754AE1F0-2357-43D1-BFE3-0DF7951476B2}.Release|Any CPU.Build.0 = Release|Any CPU
	EndGlobalSection
	GlobalSection(SolutionProperties) = preSolution
		HideSolutionNode = FALSE
	EndGlobalSection
	GlobalSection(ExtensibilityGlobals) = postSolution
		SolutionGuid = {2DED8ED2-6F2B-4D4F-AEA1-BE196D663752}
	EndGlobalSection
EndGlobal
